
Microsoft Visual Studio Solution File, Format Version 12.00
Project("{FAE04EC0-301F-11D3-BF4B-00C04F79EFBC}") = "Seminar8", "Seminar8\Seminar8.csproj", "{92EE1520-1188-4490-B663-CFB043EE736A}"
EndProject
Project("{FAE04EC0-301F-11D3-BF4B-00C04F79EFBC}") = "CW1", "CW1\CW1.csproj", "{6883817F-ED49-472F-8D7C-C321CC8CD566}"
EndProject
Project("{FAE04EC0-301F-11D3-BF4B-00C04F79EFBC}") = "CW2", "CW2\CW2.csproj", "{8D3164C8-FF35-4762-B047-52362B6AA515}"
EndProject
Project("{FAE04EC0-301F-11D3-BF4B-00C04F79EFBC}") = "CW3", "CW3\CW3.csproj", "{3017E1CA-0F2E-44C3-8505-5C174A8DA9D5}"
EndProject
Project("{FAE04EC0-301F-11D3-BF4B-00C04F79EFBC}") = "HW1", "HW1\HW1.csproj", "{5F6EB38D-60B0-454A-A596-805E2B4C9367}"
EndProject
Project("{FAE04EC0-301F-11D3-BF4B-00C04F79EFBC}") = "HW2", "HW2\HW2.csproj", "{46B6C258-FB52-4DDA-BA22-2012E6ABF2B8}"
EndProject
Global
	GlobalSection(SolutionConfigurationPlatforms) = preSolution
		Debug|Any CPU = Debug|Any CPU
		Release|Any CPU = Release|Any CPU
	EndGlobalSection
	GlobalSection(ProjectConfigurationPlatforms) = postSolution
		{92EE1520-1188-4490-B663-CFB043EE736A}.Debug|Any CPU.ActiveCfg = Debug|Any CPU
		{92EE1520-1188-4490-B663-CFB043EE736A}.Debug|Any CPU.Build.0 = Debug|Any CPU
		{92EE1520-1188-4490-B663-CFB043EE736A}.Release|Any CPU.ActiveCfg = Release|Any CPU
		{92EE1520-1188-4490-B663-CFB043EE736A}.Release|Any CPU.Build.0 = Release|Any CPU
		{6883817F-ED49-472F-8D7C-C321CC8CD566}.Debug|Any CPU.ActiveCfg = Debug|Any CPU
		{6883817F-ED49-472F-8D7C-C321CC8CD566}.Debug|Any CPU.Build.0 = Debug|Any CPU
		{6883817F-ED49-472F-8D7C-C321CC8CD566}.Release|Any CPU.ActiveCfg = Release|Any CPU
		{6883817F-ED49-472F-8D7C-C321CC8CD566}.Release|Any CPU.Build.0 = Release|Any CPU
		{8D3164C8-FF35-4762-B047-52362B6AA515}.Debug|Any CPU.ActiveCfg = Debug|Any CPU
		{8D3164C8-FF35-4762-B047-52362B6AA515}.Debug|Any CPU.Build.0 = Debug|Any CPU
		{8D3164C8-FF35-4762-B047-52362B6AA515}.Release|Any CPU.ActiveCfg = Release|Any CPU
		{8D3164C8-FF35-4762-B047-52362B6AA515}.Release|Any CPU.Build.0 = Release|Any CPU
		{3017E1CA-0F2E-44C3-8505-5C174A8DA9D5}.Debug|Any CPU.ActiveCfg = Debug|Any CPU
		{3017E1CA-0F2E-44C3-8505-5C174A8DA9D5}.Debug|Any CPU.Build.0 = Debug|Any CPU
		{3017E1CA-0F2E-44C3-8505-5C174A8DA9D5}.Release|Any CPU.ActiveCfg = Release|Any CPU
		{3017E1CA-0F2E-44C3-8505-5C174A8DA9D5}.Release|Any CPU.Build.0 = Release|Any CPU
		{5F6EB38D-60B0-454A-A596-805E2B4C9367}.Debug|Any CPU.ActiveCfg = Debug|Any CPU
		{5F6EB38D-60B0-454A-A596-805E2B4C9367}.Debug|Any CPU.Build.0 = Debug|Any CPU
		{5F6EB38D-60B0-454A-A596-805E2B4C9367}.Release|Any CPU.ActiveCfg = Release|Any CPU
		{5F6EB38D-60B0-454A-A596-805E2B4C9367}.Release|Any CPU.Build.0 = Release|Any CPU
		{46B6C258-FB52-4DDA-BA22-2012E6ABF2B8}.Debug|Any CPU.ActiveCfg = Debug|Any CPU
		{46B6C258-FB52-4DDA-BA22-2012E6ABF2B8}.Debug|Any CPU.Build.0 = Debug|Any CPU
		{46B6C258-FB52-4DDA-BA22-2012E6ABF2B8}.Release|Any CPU.ActiveCfg = Release|Any CPU
		{46B6C258-FB52-4DDA-BA22-2012E6ABF2B8}.Release|Any CPU.Build.0 = Release|Any CPU
	EndGlobalSection
EndGlobal
