
Microsoft Visual Studio Solution File, Format Version 12.00
Project("{FAE04EC0-301F-11D3-BF4B-00C04F79EFBC}") = "CW_1", "CW_1\CW_1.csproj", "{98C8A7FF-78AB-4FC7-A9F8-D1DE8430F34E}"
EndProject
Project("{FAE04EC0-301F-11D3-BF4B-00C04F79EFBC}") = "CW_2", "CW_2\CW_2.csproj", "{93AB2144-97AE-4C64-87BF-7F1145EA6C11}"
EndProject
Project("{FAE04EC0-301F-11D3-BF4B-00C04F79EFBC}") = "CW_3", "CW_3\CW_3.csproj", "{0B99B015-46B9-45C6-9FDA-BDE6D71D4E46}"
EndProject
Project("{FAE04EC0-301F-11D3-BF4B-00C04F79EFBC}") = "CW_4", "CW_4\CW_4.csproj", "{7E4BFAF6-5C16-4428-9E24-B0A5EC027FB6}"
EndProject
Project("{FAE04EC0-301F-11D3-BF4B-00C04F79EFBC}") = "CW_5", "CW_5\CW_5.csproj", "{4535A7B1-B094-42B6-B198-8520A530E69B}"
EndProject
Global
	GlobalSection(SolutionConfigurationPlatforms) = preSolution
		Debug|Any CPU = Debug|Any CPU
		Release|Any CPU = Release|Any CPU
	EndGlobalSection
	GlobalSection(ProjectConfigurationPlatforms) = postSolution
		{98C8A7FF-78AB-4FC7-A9F8-D1DE8430F34E}.Debug|Any CPU.ActiveCfg = Debug|Any CPU
		{98C8A7FF-78AB-4FC7-A9F8-D1DE8430F34E}.Debug|Any CPU.Build.0 = Debug|Any CPU
		{98C8A7FF-78AB-4FC7-A9F8-D1DE8430F34E}.Release|Any CPU.ActiveCfg = Release|Any CPU
		{98C8A7FF-78AB-4FC7-A9F8-D1DE8430F34E}.Release|Any CPU.Build.0 = Release|Any CPU
		{93AB2144-97AE-4C64-87BF-7F1145EA6C11}.Debug|Any CPU.ActiveCfg = Debug|Any CPU
		{93AB2144-97AE-4C64-87BF-7F1145EA6C11}.Debug|Any CPU.Build.0 = Debug|Any CPU
		{93AB2144-97AE-4C64-87BF-7F1145EA6C11}.Release|Any CPU.ActiveCfg = Release|Any CPU
		{93AB2144-97AE-4C64-87BF-7F1145EA6C11}.Release|Any CPU.Build.0 = Release|Any CPU
		{0B99B015-46B9-45C6-9FDA-BDE6D71D4E46}.Debug|Any CPU.ActiveCfg = Debug|Any CPU
		{0B99B015-46B9-45C6-9FDA-BDE6D71D4E46}.Debug|Any CPU.Build.0 = Debug|Any CPU
		{0B99B015-46B9-45C6-9FDA-BDE6D71D4E46}.Release|Any CPU.ActiveCfg = Release|Any CPU
		{0B99B015-46B9-45C6-9FDA-BDE6D71D4E46}.Release|Any CPU.Build.0 = Release|Any CPU
		{7E4BFAF6-5C16-4428-9E24-B0A5EC027FB6}.Debug|Any CPU.ActiveCfg = Debug|Any CPU
		{7E4BFAF6-5C16-4428-9E24-B0A5EC027FB6}.Debug|Any CPU.Build.0 = Debug|Any CPU
		{7E4BFAF6-5C16-4428-9E24-B0A5EC027FB6}.Release|Any CPU.ActiveCfg = Release|Any CPU
		{7E4BFAF6-5C16-4428-9E24-B0A5EC027FB6}.Release|Any CPU.Build.0 = Release|Any CPU
		{4535A7B1-B094-42B6-B198-8520A530E69B}.Debug|Any CPU.ActiveCfg = Debug|Any CPU
		{4535A7B1-B094-42B6-B198-8520A530E69B}.Debug|Any CPU.Build.0 = Debug|Any CPU
		{4535A7B1-B094-42B6-B198-8520A530E69B}.Release|Any CPU.ActiveCfg = Release|Any CPU
		{4535A7B1-B094-42B6-B198-8520A530E69B}.Release|Any CPU.Build.0 = Release|Any CPU
	EndGlobalSection
EndGlobal
